
Microsoft Visual Studio Solution File, Format Version 12.00
# Visual Studio Version 17
VisualStudioVersion = 17.6.33829.357
MinimumVisualStudioVersion = 10.0.40219.1
Project("{9A19103F-16F7-4668-BE54-9A1E7A4F7556}") = "DesafioFundamentos", "DesafioFundamentos.csproj", "{F559FE69-216E-433F-B1D6-B76C125B95CF}"
EndProject
Global
	GlobalSection(SolutionConfigurationPlatforms) = preSolution
		Debug|Any CPU = Debug|Any CPU
		Release|Any CPU = Release|Any CPU
	EndGlobalSection
	GlobalSection(ProjectConfigurationPlatforms) = postSolution
		{F559FE69-216E-433F-B1D6-B76C125B95CF}.Debug|Any CPU.ActiveCfg = Debug|Any CPU
		{F559FE69-216E-433F-B1D6-B76C125B95CF}.Debug|Any CPU.Build.0 = Debug|Any CPU
		{F559FE69-216E-433F-B1D6-B76C125B95CF}.Release|Any CPU.ActiveCfg = Release|Any CPU
		{F559FE69-216E-433F-B1D6-B76C125B95CF}.Release|Any CPU.Build.0 = Release|Any CPU
	EndGlobalSection
	GlobalSection(SolutionProperties) = preSolution
		HideSolutionNode = FALSE
	EndGlobalSection
	GlobalSection(ExtensibilityGlobals) = postSolution
		SolutionGuid = {16D05056-821E-4D76-AEBC-770877FC0D98}
	EndGlobalSection
EndGlobal
